
Microsoft Visual Studio Solution File, Format Version 12.00
# Visual Studio Version 17
VisualStudioVersion = 17.7.34202.233
MinimumVisualStudioVersion = 10.0.40219.1
Project("{FAE04EC0-301F-11D3-BF4B-00C04F79EFBC}") = "ChefAI.Server", "Server\ChefAI.Server.csproj", "{37667683-D8EF-4E87-8A89-EC375D532847}"
EndProject
Project("{FAE04EC0-301F-11D3-BF4B-00C04F79EFBC}") = "ChefAI.Client", "Client\ChefAI.Client.csproj", "{80D560D7-5EB4-42E2-8ECA-3B40BBEEE656}"
EndProject
Project("{FAE04EC0-301F-11D3-BF4B-00C04F79EFBC}") = "ChefAI.Shared", "Shared\ChefAI.Shared.csproj", "{B1AB5919-298C-4F84-A1C1-F467B3BF2E2A}"
EndProject
Global
	GlobalSection(SolutionConfigurationPlatforms) = preSolution
		Debug|Any CPU = Debug|Any CPU
		Release|Any CPU = Release|Any CPU
	EndGlobalSection
	GlobalSection(ProjectConfigurationPlatforms) = postSolution
		{37667683-D8EF-4E87-8A89-EC375D532847}.Debug|Any CPU.ActiveCfg = Debug|Any CPU
		{37667683-D8EF-4E87-8A89-EC375D532847}.Debug|Any CPU.Build.0 = Debug|Any CPU
		{37667683-D8EF-4E87-8A89-EC375D532847}.Release|Any CPU.ActiveCfg = Release|Any CPU
		{37667683-D8EF-4E87-8A89-EC375D532847}.Release|Any CPU.Build.0 = Release|Any CPU
		{80D560D7-5EB4-42E2-8ECA-3B40BBEEE656}.Debug|Any CPU.ActiveCfg = Debug|Any CPU
		{80D560D7-5EB4-42E2-8ECA-3B40BBEEE656}.Debug|Any CPU.Build.0 = Debug|Any CPU
		{80D560D7-5EB4-42E2-8ECA-3B40BBEEE656}.Release|Any CPU.ActiveCfg = Release|Any CPU
		{80D560D7-5EB4-42E2-8ECA-3B40BBEEE656}.Release|Any CPU.Build.0 = Release|Any CPU
		{B1AB5919-298C-4F84-A1C1-F467B3BF2E2A}.Debug|Any CPU.ActiveCfg = Debug|Any CPU
		{B1AB5919-298C-4F84-A1C1-F467B3BF2E2A}.Debug|Any CPU.Build.0 = Debug|Any CPU
		{B1AB5919-298C-4F84-A1C1-F467B3BF2E2A}.Release|Any CPU.ActiveCfg = Release|Any CPU
		{B1AB5919-298C-4F84-A1C1-F467B3BF2E2A}.Release|Any CPU.Build.0 = Release|Any CPU
	EndGlobalSection
	GlobalSection(SolutionProperties) = preSolution
		HideSolutionNode = FALSE
	EndGlobalSection
	GlobalSection(ExtensibilityGlobals) = postSolution
		SolutionGuid = {2E903FF1-8C60-49A6-A89A-2663A763BB63}
	EndGlobalSection
EndGlobal
